// !$*UTF8*$!
{
	archiveVersion = 1;
	classes = {
	};
	objectVersion = 50;
	objects = {

/* Begin PBXBuildFile section */
		17A8B8AF210AAFCB00100E50 /* SendMessageController.swift in Sources */ = {isa = PBXBuildFile; fileRef = 17A8B8AE210AAFCB00100E50 /* SendMessageController.swift */; };
		17CC2A4B20EDFF3A00D2DEDF /* AppDelegate.swift in Sources */ = {isa = PBXBuildFile; fileRef = 17CC2A4A20EDFF3A00D2DEDF /* AppDelegate.swift */; };
		17CC2A4D20EDFF3A00D2DEDF /* ViewController.swift in Sources */ = {isa = PBXBuildFile; fileRef = 17CC2A4C20EDFF3A00D2DEDF /* ViewController.swift */; };
		17CC2A5020EDFF3A00D2DEDF /* Main.storyboard in Resources */ = {isa = PBXBuildFile; fileRef = 17CC2A4E20EDFF3A00D2DEDF /* Main.storyboard */; };
		17CC2A5320EDFF3A00D2DEDF /* SendMessage.xcdatamodeld in Sources */ = {isa = PBXBuildFile; fileRef = 17CC2A5120EDFF3A00D2DEDF /* SendMessage.xcdatamodeld */; };
		17CC2A5520EDFF3C00D2DEDF /* Assets.xcassets in Resources */ = {isa = PBXBuildFile; fileRef = 17CC2A5420EDFF3C00D2DEDF /* Assets.xcassets */; };
		17CC2A5820EDFF3C00D2DEDF /* LaunchScreen.storyboard in Resources */ = {isa = PBXBuildFile; fileRef = 17CC2A5620EDFF3C00D2DEDF /* LaunchScreen.storyboard */; };
		17CC2A6120EDFFB600D2DEDF /* MessageUI.framework in Frameworks */ = {isa = PBXBuildFile; fileRef = 17CC2A6020EDFFB600D2DEDF /* MessageUI.framework */; };
/* End PBXBuildFile section */

/* Begin PBXFileReference section */
		17A8B8AE210AAFCB00100E50 /* SendMessageController.swift */ = {isa = PBXFileReference; lastKnownFileType = sourcecode.swift; path = SendMessageController.swift; sourceTree = "<group>"; };
		17CC2A4720EDFF3A00D2DEDF /* SendMessage.app */ = {isa = PBXFileReference; explicitFileType = wrapper.application; includeInIndex = 0; path = SendMessage.app; sourceTree = BUILT_PRODUCTS_DIR; };
		17CC2A4A20EDFF3A00D2DEDF /* AppDelegate.swift */ = {isa = PBXFileReference; lastKnownFileType = sourcecode.swift; path = AppDelegate.swift; sourceTree = "<group>"; };
		17CC2A4C20EDFF3A00D2DEDF /* ViewController.swift */ = {isa = PBXFileReference; lastKnownFileType = sourcecode.swift; path = ViewController.swift; sourceTree = "<group>"; };
		17CC2A4F20EDFF3A00D2DEDF /* Base */ = {isa = PBXFileReference; lastKnownFileType = file.storyboard; name = Base; path = Base.lproj/Main.storyboard; sourceTree = "<group>"; };
		17CC2A5220EDFF3A00D2DEDF /* SendMessage.xcdatamodel */ = {isa = PBXFileReference; lastKnownFileType = wrapper.xcdatamodel; path = SendMessage.xcdatamodel; sourceTree = "<group>"; };
		17CC2A5420EDFF3C00D2DEDF /* Assets.xcassets */ = {isa = PBXFileReference; lastKnownFileType = folder.assetcatalog; path = Assets.xcassets; sourceTree = "<group>"; };
		17CC2A5720EDFF3C00D2DEDF /* Base */ = {isa = PBXFileReference; lastKnownFileType = file.storyboard; name = Base; path = Base.lproj/LaunchScreen.storyboard; sourceTree = "<group>"; };
		17CC2A5920EDFF3C00D2DEDF /* Info.plist */ = {isa = PBXFileReference; lastKnownFileType = text.plist.xml; path = Info.plist; sourceTree = "<group>"; };
		17CC2A6020EDFFB600D2DEDF /* MessageUI.framework */ = {isa = PBXFileReference; lastKnownFileType = wrapper.framework; name = MessageUI.framework; path = System/Library/Frameworks/MessageUI.framework; sourceTree = SDKROOT; };
/* End PBXFileReference section */

/* Begin PBXFrameworksBuildPhase section */
		17CC2A4420EDFF3A00D2DEDF /* Frameworks */ = {
			isa = PBXFrameworksBuildPhase;
			buildActionMask = 2147483647;
			files = (
				17CC2A6120EDFFB600D2DEDF /* MessageUI.framework in Frameworks */,
			);
			runOnlyForDeploymentPostprocessing = 0;
		};
/* End PBXFrameworksBuildPhase section */

/* Begin PBXGroup section */
		17CC2A3E20EDFF3A00D2DEDF = {
			isa = PBXGroup;
			children = (
				17CC2A4920EDFF3A00D2DEDF /* SendMessage */,
				17CC2A4820EDFF3A00D2DEDF /* Products */,
				17CC2A5F20EDFFB600D2DEDF /* Frameworks */,
			);
			sourceTree = "<group>";
		};
		17CC2A4820EDFF3A00D2DEDF /* Products */ = {
			isa = PBXGroup;
			children = (
				17CC2A4720EDFF3A00D2DEDF /* SendMessage.app */,
			);
			name = Products;
			sourceTree = "<group>";
		};
		17CC2A4920EDFF3A00D2DEDF /* SendMessage */ = {
			isa = PBXGroup;
			children = (
				17CC2A4A20EDFF3A00D2DEDF /* AppDelegate.swift */,
				17CC2A4C20EDFF3A00D2DEDF /* ViewController.swift */,
				17A8B8AE210AAFCB00100E50 /* SendMessageController.swift */,
				17CC2A4E20EDFF3A00D2DEDF /* Main.storyboard */,
				17CC2A5420EDFF3C00D2DEDF /* Assets.xcassets */,
				17CC2A5620EDFF3C00D2DEDF /* LaunchScreen.storyboard */,
				17CC2A5920EDFF3C00D2DEDF /* Info.plist */,
				17CC2A5120EDFF3A00D2DEDF /* SendMessage.xcdatamodeld */,
			);
			path = SendMessage;
			sourceTree = "<group>";
		};
		17CC2A5F20EDFFB600D2DEDF /* Frameworks */ = {
			isa = PBXGroup;
			children = (
				17CC2A6020EDFFB600D2DEDF /* MessageUI.framework */,
			);
			name = Frameworks;
			sourceTree = "<group>";
		};
/* End PBXGroup section */

/* Begin PBXNativeTarget section */
		17CC2A4620EDFF3A00D2DEDF /* SendMessage */ = {
			isa = PBXNativeTarget;
			buildConfigurationList = 17CC2A5C20EDFF3C00D2DEDF /* Build configuration list for PBXNativeTarget "SendMessage" */;
			buildPhases = (
				17CC2A4320EDFF3A00D2DEDF /* Sources */,
				17CC2A4420EDFF3A00D2DEDF /* Frameworks */,
				17CC2A4520EDFF3A00D2DEDF /* Resources */,
			);
			buildRules = (
			);
			dependencies = (
			);
			name = SendMessage;
			productName = SendMessage;
			productReference = 17CC2A4720EDFF3A00D2DEDF /* SendMessage.app */;
			productType = "com.apple.product-type.application";
		};
/* End PBXNativeTarget section */

/* Begin PBXProject section */
		17CC2A3F20EDFF3A00D2DEDF /* Project object */ = {
			isa = PBXProject;
			attributes = {
				LastSwiftUpdateCheck = 0940;
				LastUpgradeCheck = 0940;
				ORGANIZATIONNAME = "范文华";
				TargetAttributes = {
					17CC2A4620EDFF3A00D2DEDF = {
						CreatedOnToolsVersion = 9.4.1;
					};
				};
			};
			buildConfigurationList = 17CC2A4220EDFF3A00D2DEDF /* Build configuration list for PBXProject "SendMessage" */;
			compatibilityVersion = "Xcode 9.3";
			developmentRegion = en;
			hasScannedForEncodings = 0;
			knownRegions = (
				en,
				Base,
			);
			mainGroup = 17CC2A3E20EDFF3A00D2DEDF;
			productRefGroup = 17CC2A4820EDFF3A00D2DEDF /* Products */;
			projectDirPath = "";
			projectRoot = "";
			targets = (
				17CC2A4620EDFF3A00D2DEDF /* SendMessage */,
			);
		};
/* End PBXProject section */

/* Begin PBXResourcesBuildPhase section */
		17CC2A4520EDFF3A00D2DEDF /* Resources */ = {
			isa = PBXResourcesBuildPhase;
			buildActionMask = 2147483647;
			files = (
				17CC2A5820EDFF3C00D2DEDF /* LaunchScreen.storyboard in Resources */,
				17CC2A5520EDFF3C00D2DEDF /* Assets.xcassets in Resources */,
				17CC2A5020EDFF3A00D2DEDF /* Main.storyboard in Resources */,
			);
			runOnlyForDeploymentPostprocessing = 0;
		};
/* End PBXResourcesBuildPhase section */

/* Begin PBXSourcesBuildPhase section */
		17CC2A4320EDFF3A00D2DEDF /* Sources */ = {
			isa = PBXSourcesBuildPhase;
			buildActionMask = 2147483647;
			files = (
				17CC2A5320EDFF3A00D2DEDF /* SendMessage.xcdatamodeld in Sources */,
				17A8B8AF210AAFCB00100E50 /* SendMessageController.swift in Sources */,
				17CC2A4D20EDFF3A00D2DEDF /* ViewController.swift in Sources */,
				17CC2A4B20EDFF3A00D2DEDF /* AppDelegate.swift in Sources */,
			);
			runOnlyForDeploymentPostprocessing = 0;
		};
/* End PBXSourcesBuildPhase section */

/* Begin PBXVariantGroup section */
		17CC2A4E20EDFF3A00D2DEDF /* Main.storyboard */ = {
			isa = PBXVariantGroup;
			children = (
				17CC2A4F20EDFF3A00D2DEDF /* Base */,
			);
			name = Main.storyboard;
			sourceTree = "<group>";
		};
		17CC2A5620EDFF3C00D2DEDF /* LaunchScreen.storyboard */ = {
			isa = PBXVariantGroup;
			children = (
				17CC2A5720EDFF3C00D2DEDF /* Base */,
			);
			name = LaunchScreen.storyboard;
			sourceTree = "<group>";
		};
/* End PBXVariantGroup section */

/* Begin XCBuildConfiguration section */
		17CC2A5A20EDFF3C00D2DEDF /* Debug */ = {
			isa = XCBuildConfiguration;
			buildSettings = {
				ALWAYS_SEARCH_USER_PATHS = NO;
				CLANG_ANALYZER_NONNULL = YES;
				CLANG_ANALYZER_NUMBER_OBJECT_CONVERSION = YES_AGGRESSIVE;
				CLANG_CXX_LANGUAGE_STANDARD = "gnu++14";
				CLANG_CXX_LIBRARY = "libc++";
				CLANG_ENABLE_MODULES = YES;
				CLANG_ENABLE_OBJC_ARC = YES;
				CLANG_ENABLE_OBJC_WEAK = YES;
				CLANG_WARN_BLOCK_CAPTURE_AUTORELEASING = YES;
				CLANG_WARN_BOOL_CONVERSION = YES;
				CLANG_WARN_COMMA = YES;
				CLANG_WARN_CONSTANT_CONVERSION = YES;
				CLANG_WARN_DEPRECATED_OBJC_IMPLEMENTATIONS = YES;
				CLANG_WARN_DIRECT_OBJC_ISA_USAGE = YES_ERROR;
				CLANG_WARN_DOCUMENTATION_COMMENTS = YES;
				CLANG_WARN_EMPTY_BODY = YES;
				CLANG_WARN_ENUM_CONVERSION = YES;
				CLANG_WARN_INFINITE_RECURSION = YES;
				CLANG_WARN_INT_CONVERSION = YES;
				CLANG_WARN_NON_LITERAL_NULL_CONVERSION = YES;
				CLANG_WARN_OBJC_IMPLICIT_RETAIN_SELF = YES;
				CLANG_WARN_OBJC_LITERAL_CONVERSION = YES;
				CLANG_WARN_OBJC_ROOT_CLASS = YES_ERROR;
				CLANG_WARN_RANGE_LOOP_ANALYSIS = YES;
				CLANG_WARN_STRICT_PROTOTYPES = YES;
				CLANG_WARN_SUSPICIOUS_MOVE = YES;
				CLANG_WARN_UNGUARDED_AVAILABILITY = YES_AGGRESSIVE;
				CLANG_WARN_UNREACHABLE_CODE = YES;
				CLANG_WARN__DUPLICATE_METHOD_MATCH = YES;
				CODE_SIGN_IDENTITY = "iPhone Developer";
				COPY_PHASE_STRIP = NO;
				DEBUG_INFORMATION_FORMAT = dwarf;
				ENABLE_STRICT_OBJC_MSGSEND = YES;
				ENABLE_TESTABILITY = YES;
				GCC_C_LANGUAGE_STANDARD = gnu11;
				GCC_DYNAMIC_NO_PIC = NO;
				GCC_NO_COMMON_BLOCKS = YES;
				GCC_OPTIMIZATION_LEVEL = 0;
				GCC_PREPROCESSOR_DEFINITIONS = (
					"DEBUG=1",
					"$(inherited)",
				);
				GCC_WARN_64_TO_32_BIT_CONVERSION = YES;
				GCC_WARN_ABOUT_RETURN_TYPE = YES_ERROR;
				GCC_WARN_UNDECLARED_SELECTOR = YES;
				GCC_WARN_UNINITIALIZED_AUTOS = YES_AGGRESSIVE;
				GCC_WARN_UNUSED_FUNCTION = YES;
				GCC_WARN_UNUSED_VARIABLE = YES;
				IPHONEOS_DEPLOYMENT_TARGET = 11.4;
				MTL_ENABLE_DEBUG_INFO = YES;
				ONLY_ACTIVE_ARCH = YES;
				SDKROOT = iphoneos;
				SWIFT_ACTIVE_COMPILATION_CONDITIONS = DEBUG;
				SWIFT_OPTIMIZATION_LEVEL = "-Onone";
			};
			name = Debug;
		};
		17CC2A5B20EDFF3C00D2DEDF /* Release */ = {
			isa = XCBuildConfiguration;
			buildSettings = {
				ALWAYS_SEARCH_USER_PATHS = NO;
				CLANG_ANALYZER_NONNULL = YES;
				CLANG_ANALYZER_NUMBER_OBJECT_CONVERSION = YES_AGGRESSIVE;
				CLANG_CXX_LANGUAGE_STANDARD = "gnu++14";
				CLANG_CXX_LIBRARY = "libc++";
				CLANG_ENABLE_MODULES = YES;
				CLANG_ENABLE_OBJC_ARC = YES;
				CLANG_ENABLE_OBJC_WEAK = YES;
				CLANG_WARN_BLOCK_CAPTURE_AUTORELEASING = YES;
				CLANG_WARN_BOOL_CONVERSION = YES;
				CLANG_WARN_COMMA = YES;
				CLANG_WARN_CONSTANT_CONVERSION = YES;
				CLANG_WARN_DEPRECATED_OBJC_IMPLEMENTATIONS = YES;
				CLANG_WARN_DIRECT_OBJC_ISA_USAGE = YES_ERROR;
				CLANG_WARN_DOCUMENTATION_COMMENTS = YES;
				CLANG_WARN_EMPTY_BODY = YES;
				CLANG_WARN_ENUM_CONVERSION = YES;
				CLANG_WARN_INFINITE_RECURSION = YES;
				CLANG_WARN_INT_CONVERSION = YES;
				CLANG_WARN_NON_LITERAL_NULL_CONVERSION = YES;
				CLANG_WARN_OBJC_IMPLICIT_RETAIN_SELF = YES;
				CLANG_WARN_OBJC_LITERAL_CONVERSION = YES;
				CLANG_WARN_OBJC_ROOT_CLASS = YES_ERROR;
				CLANG_WARN_RANGE_LOOP_ANALYSIS = YES;
				CLANG_WARN_STRICT_PROTOTYPES = YES;
				CLANG_WARN_SUSPICIOUS_MOVE = YES;
				CLANG_WARN_UNGUARDED_AVAILABILITY = YES_AGGRESSIVE;
				CLANG_WARN_UNREACHABLE_CODE = YES;
				CLANG_WARN__DUPLICATE_METHOD_MATCH = YES;
				CODE_SIGN_IDENTITY = "iPhone Developer";
				COPY_PHASE_STRIP = NO;
				DEBUG_INFORMATION_FORMAT = "dwarf-with-dsym";
				ENABLE_NS_ASSERTIONS = NO;
				ENABLE_STRICT_OBJC_MSGSEND = YES;
				GCC_C_LANGUAGE_STANDARD = gnu11;
				GCC_NO_COMMON_BLOCKS = YES;
				GCC_WARN_64_TO_32_BIT_CONVERSION = YES;
				GCC_WARN_ABOUT_RETURN_TYPE = YES_ERROR;
				GCC_WARN_UNDECLARED_SELECTOR = YES;
				GCC_WARN_UNINITIALIZED_AUTOS = YES_AGGRESSIVE;
				GCC_WARN_UNUSED_FUNCTION = YES;
				GCC_WARN_UNUSED_VARIABLE = YES;
				IPHONEOS_DEPLOYMENT_TARGET = 11.4;
				MTL_ENABLE_DEBUG_INFO = NO;
				SDKROOT = iphoneos;
				SWIFT_COMPILATION_MODE = wholemodule;
				SWIFT_OPTIMIZATION_LEVEL = "-O";
				VALIDATE_PRODUCT = YES;
			};
			name = Release;
		};
		17CC2A5D20EDFF3C00D2DEDF /* Debug */ = {
			isa = XCBuildConfiguration;
			buildSettings = {
				ASSETCATALOG_COMPILER_APPICON_NAME = AppIcon;
				CODE_SIGN_STYLE = Automatic;
				DEVELOPMENT_TEAM = DTCY2EZEN2;
				INFOPLIST_FILE = SendMessage/Info.plist;
				IPHONEOS_DEPLOYMENT_TARGET = 11.0;
				LD_RUNPATH_SEARCH_PATHS = (
					"$(inherited)",
					"@executable_path/Frameworks",
				);
				PRODUCT_BUNDLE_IDENTIFIER = com.fanviwa.SendMessage;
				PRODUCT_NAME = "$(TARGET_NAME)";
				SWIFT_VERSION = 4.0;
				TARGETED_DEVICE_FAMILY = "1,2";
			};
			name = Debug;
		};
		17CC2A5E20EDFF3C00D2DEDF /* Release */ = {
			isa = XCBuildConfiguration;
			buildSettings = {
				ASSETCATALOG_COMPILER_APPICON_NAME = AppIcon;
				CODE_SIGN_STYLE = Automatic;
				DEVELOPMENT_TEAM = DTCY2EZEN2;
				INFOPLIST_FILE = SendMessage/Info.plist;
				IPHONEOS_DEPLOYMENT_TARGET = 11.0;
				LD_RUNPATH_SEARCH_PATHS = (
					"$(inherited)",
					"@executable_path/Frameworks",
				);
				PRODUCT_BUNDLE_IDENTIFIER = com.fanviwa.SendMessage;
				PRODUCT_NAME = "$(TARGET_NAME)";
				SWIFT_VERSION = 4.0;
				TARGETED_DEVICE_FAMILY = "1,2";
			};
			name = Release;
		};
/* End XCBuildConfiguration section */

/* Begin XCConfigurationList section */
		17CC2A4220EDFF3A00D2DEDF /* Build configuration list for PBXProject "SendMessage" */ = {
			isa = XCConfigurationList;
			buildConfigurations = (
				17CC2A5A20EDFF3C00D2DEDF /* Debug */,
				17CC2A5B20EDFF3C00D2DEDF /* Release */,
			);
			defaultConfigurationIsVisible = 0;
			defaultConfigurationName = Release;
		};
		17CC2A5C20EDFF3C00D2DEDF /* Build configuration list for PBXNativeTarget "SendMessage" */ = {
			isa = XCConfigurationList;
			buildConfigurations = (
				17CC2A5D20EDFF3C00D2DEDF /* Debug */,
				17CC2A5E20EDFF3C00D2DEDF /* Release */,
			);
			defaultConfigurationIsVisible = 0;
			defaultConfigurationName = Release;
		};
/* End XCConfigurationList section */

/* Begin XCVersionGroup section */
		17CC2A5120EDFF3A00D2DEDF /* SendMessage.xcdatamodeld */ = {
			isa = XCVersionGroup;
			children = (
				17CC2A5220EDFF3A00D2DEDF /* SendMessage.xcdatamodel */,
			);
			currentVersion = 17CC2A5220EDFF3A00D2DEDF /* SendMessage.xcdatamodel */;
			path = SendMessage.xcdatamodeld;
			sourceTree = "<group>";
			versionGroupType = wrapper.xcdatamodel;
		};
/* End XCVersionGroup section */
	};
	rootObject = 17CC2A3F20EDFF3A00D2DEDF /* Project object */;
}
